
Microsoft Visual Studio Solution File, Format Version 12.00
# Visual Studio Version 16
VisualStudioVersion = 16.0.0.0
MinimumVisualStudioVersion = 16.0.0.0
Project("{9A19103F-16F7-4668-BE54-9A1E7A4F7556}") = "ParallelScenes.Windows", "ParallelScenes.Windows\ParallelScenes.Windows.csproj", "{3DDAF9B4-5D62-4F74-8D04-6450DCE6BC5E}"
EndProject
Project("{9A19103F-16F7-4668-BE54-9A1E7A4F7556}") = "ParallelScenes", "ParallelScenes\ParallelScenes.csproj", "{B8095CFC-0E69-45DF-9D71-50548BB05BF7}"
EndProject
Project("{FAE04EC0-301F-11D3-BF4B-00C04F79EFBC}") = "Stride.Modifications", "Stride.Modifications\Stride.Modifications.csproj", "{0C263E44-C812-408C-AD26-9147C9608BCB}"
EndProject
Global
	GlobalSection(SolutionConfigurationPlatforms) = preSolution
		Debug|Any CPU = Debug|Any CPU
		Release|Any CPU = Release|Any CPU
	EndGlobalSection
	GlobalSection(ProjectConfigurationPlatforms) = postSolution
		{3DDAF9B4-5D62-4F74-8D04-6450DCE6BC5E}.Debug|Any CPU.ActiveCfg = Debug|Any CPU
		{3DDAF9B4-5D62-4F74-8D04-6450DCE6BC5E}.Debug|Any CPU.Build.0 = Debug|Any CPU
		{3DDAF9B4-5D62-4F74-8D04-6450DCE6BC5E}.Release|Any CPU.ActiveCfg = Release|Any CPU
		{3DDAF9B4-5D62-4F74-8D04-6450DCE6BC5E}.Release|Any CPU.Build.0 = Release|Any CPU
		{B8095CFC-0E69-45DF-9D71-50548BB05BF7}.Debug|Any CPU.ActiveCfg = Debug|Any CPU
		{B8095CFC-0E69-45DF-9D71-50548BB05BF7}.Debug|Any CPU.Build.0 = Debug|Any CPU
		{B8095CFC-0E69-45DF-9D71-50548BB05BF7}.Release|Any CPU.ActiveCfg = Release|Any CPU
		{B8095CFC-0E69-45DF-9D71-50548BB05BF7}.Release|Any CPU.Build.0 = Release|Any CPU
		{0C263E44-C812-408C-AD26-9147C9608BCB}.Debug|Any CPU.ActiveCfg = Debug|Any CPU
		{0C263E44-C812-408C-AD26-9147C9608BCB}.Debug|Any CPU.Build.0 = Debug|Any CPU
		{0C263E44-C812-408C-AD26-9147C9608BCB}.Release|Any CPU.ActiveCfg = Release|Any CPU
		{0C263E44-C812-408C-AD26-9147C9608BCB}.Release|Any CPU.Build.0 = Release|Any CPU
	EndGlobalSection
	GlobalSection(SolutionProperties) = preSolution
		HideSolutionNode = FALSE
	EndGlobalSection
	GlobalSection(ExtensibilityGlobals) = postSolution
		SolutionGuid = {842A5643-DC6B-4F12-92DB-3BE744C44854}
	EndGlobalSection
EndGlobal
